{
  "nodes": {
    "nixpkgs": {
      "locked": {
        "lastModified": 1790822859,
        "narHash": "sha256-69xHQhAeMAD2wDXO7T2pcOZIF9Sga2W+JkmY2a11Ops=",
        "owner": "nixos",
        "repo": "nixpkgs",
        "rev": "c59305bab2065cfecc4944690d9eedbb56f3a9fa",
        "type": "github"
      },
      "original": {
        "owner": "nixos",
        "ref": "nixos-unstable",
        "repo": "nixpkgs",
        "type": "github"
      }
    },
    "php-dev": {
      "inputs": {
        "nixpkgs": "nixpkgs"
      },
      "locked": {
        "lastModified": 1785256129,
        "narHash": "sha256-unkgrtqFTXeaA+Y15JQ3DuUEYbOwtrUIWb/ppsn1x6k=",
        "owner": "MikeGeorgeff",
        "repo": "php-dev-flake",
        "rev": "ace68da817909d326f45471353a1fe80672e48ca",
        "type": "github"
      },
      "original": {
        "owner": "MikeGeorgeff",
        "repo": "php-dev-flake",
        "type": "github"
      }
    },
    "root": {
      "inputs": {
        "php-dev": "php-dev"
      }
    }
  },
  "root": "root",
  "version": 7
}
